
Microsoft Visual Studio Solution File, Format Version 12.00
# Visual Studio Version 17
VisualStudioVersion = 17.7.34031.279
MinimumVisualStudioVersion = 10.0.40219.1
Project("{FAE04EC0-301F-11D3-BF4B-00C04F79EFBC}") = "TestRepository", "TestRepository\TestRepository.csproj", "{B7F5913A-2C3A-454D-996B-935CAAD744A6}"
EndProject
Global
	GlobalSection(SolutionConfigurationPlatforms) = preSolution
		Debug|Any CPU = Debug|Any CPU
		Release|Any CPU = Release|Any CPU
	EndGlobalSection
	GlobalSection(ProjectConfigurationPlatforms) = postSolution
		{B7F5913A-2C3A-454D-996B-935CAAD744A6}.Debug|Any CPU.ActiveCfg = Debug|Any CPU
		{B7F5913A-2C3A-454D-996B-935CAAD744A6}.Debug|Any CPU.Build.0 = Debug|Any CPU
		{B7F5913A-2C3A-454D-996B-935CAAD744A6}.Release|Any CPU.ActiveCfg = Release|Any CPU
		{B7F5913A-2C3A-454D-996B-935CAAD744A6}.Release|Any CPU.Build.0 = Release|Any CPU
	EndGlobalSection
	GlobalSection(SolutionProperties) = preSolution
		HideSolutionNode = FALSE
	EndGlobalSection
	GlobalSection(ExtensibilityGlobals) = postSolution
		SolutionGuid = {21AA3B19-C000-4BE9-B898-86E127C43AC5}
	EndGlobalSection
EndGlobal
